
Microsoft Visual Studio Solution File, Format Version 12.00
# Visual Studio Version 16
VisualStudioVersion = 16.0.31424.327
MinimumVisualStudioVersion = 10.0.40219.1
Project("{FAE04EC0-301F-11D3-BF4B-00C04F79EFBC}") = "CapaDatos", "AppAdo02\CapaDatos.csproj", "{D2231E0D-1F63-425E-8996-307C03D223F8}"
EndProject
Project("{FAE04EC0-301F-11D3-BF4B-00C04F79EFBC}") = "CapaNegocio", "CapaNegocio\CapaNegocio.csproj", "{86C89480-7265-4275-BE70-75058696E165}"
EndProject
Project("{FAE04EC0-301F-11D3-BF4B-00C04F79EFBC}") = "CapaUI", "CapaUI\CapaUI.csproj", "{7C05C161-A109-4B48-9346-2A755024D12D}"
EndProject
Global
	GlobalSection(SolutionConfigurationPlatforms) = preSolution
		Debug|Any CPU = Debug|Any CPU
		Debug|ARM = Debug|ARM
		Debug|ARM64 = Debug|ARM64
		Debug|x64 = Debug|x64
		Debug|x86 = Debug|x86
		Release|Any CPU = Release|Any CPU
		Release|ARM = Release|ARM
		Release|ARM64 = Release|ARM64
		Release|x64 = Release|x64
		Release|x86 = Release|x86
	EndGlobalSection
	GlobalSection(ProjectConfigurationPlatforms) = postSolution
		{D2231E0D-1F63-425E-8996-307C03D223F8}.Debug|Any CPU.ActiveCfg = Debug|Any CPU
		{D2231E0D-1F63-425E-8996-307C03D223F8}.Debug|Any CPU.Build.0 = Debug|Any CPU
		{D2231E0D-1F63-425E-8996-307C03D223F8}.Debug|ARM.ActiveCfg = Debug|Any CPU
		{D2231E0D-1F63-425E-8996-307C03D223F8}.Debug|ARM.Build.0 = Debug|Any CPU
		{D2231E0D-1F63-425E-8996-307C03D223F8}.Debug|ARM64.ActiveCfg = Debug|Any CPU
		{D2231E0D-1F63-425E-8996-307C03D223F8}.Debug|ARM64.Build.0 = Debug|Any CPU
		{D2231E0D-1F63-425E-8996-307C03D223F8}.Debug|x64.ActiveCfg = Debug|Any CPU
		{D2231E0D-1F63-425E-8996-307C03D223F8}.Debug|x64.Build.0 = Debug|Any CPU
		{D2231E0D-1F63-425E-8996-307C03D223F8}.Debug|x86.ActiveCfg = Debug|Any CPU
		{D2231E0D-1F63-425E-8996-307C03D223F8}.Debug|x86.Build.0 = Debug|Any CPU
		{D2231E0D-1F63-425E-8996-307C03D223F8}.Release|Any CPU.ActiveCfg = Release|Any CPU
		{D2231E0D-1F63-425E-8996-307C03D223F8}.Release|Any CPU.Build.0 = Release|Any CPU
		{D2231E0D-1F63-425E-8996-307C03D223F8}.Release|ARM.ActiveCfg = Release|Any CPU
		{D2231E0D-1F63-425E-8996-307C03D223F8}.Release|ARM.Build.0 = Release|Any CPU
		{D2231E0D-1F63-425E-8996-307C03D223F8}.Release|ARM64.ActiveCfg = Release|Any CPU
		{D2231E0D-1F63-425E-8996-307C03D223F8}.Release|ARM64.Build.0 = Release|Any CPU
		{D2231E0D-1F63-425E-8996-307C03D223F8}.Release|x64.ActiveCfg = Release|Any CPU
		{D2231E0D-1F63-425E-8996-307C03D223F8}.Release|x64.Build.0 = Release|Any CPU
		{D2231E0D-1F63-425E-8996-307C03D223F8}.Release|x86.ActiveCfg = Release|Any CPU
		{D2231E0D-1F63-425E-8996-307C03D223F8}.Release|x86.Build.0 = Release|Any CPU
		{86C89480-7265-4275-BE70-75058696E165}.Debug|Any CPU.ActiveCfg = Debug|Any CPU
		{86C89480-7265-4275-BE70-75058696E165}.Debug|Any CPU.Build.0 = Debug|Any CPU
		{86C89480-7265-4275-BE70-75058696E165}.Debug|ARM.ActiveCfg = Debug|Any CPU
		{86C89480-7265-4275-BE70-75058696E165}.Debug|ARM.Build.0 = Debug|Any CPU
		{86C89480-7265-4275-BE70-75058696E165}.Debug|ARM64.ActiveCfg = Debug|Any CPU
		{86C89480-7265-4275-BE70-75058696E165}.Debug|ARM64.Build.0 = Debug|Any CPU
		{86C89480-7265-4275-BE70-75058696E165}.Debug|x64.ActiveCfg = Debug|Any CPU
		{86C89480-7265-4275-BE70-75058696E165}.Debug|x64.Build.0 = Debug|Any CPU
		{86C89480-7265-4275-BE70-75058696E165}.Debug|x86.ActiveCfg = Debug|Any CPU
		{86C89480-7265-4275-BE70-75058696E165}.Debug|x86.Build.0 = Debug|Any CPU
		{86C89480-7265-4275-BE70-75058696E165}.Release|Any CPU.ActiveCfg = Release|Any CPU
		{86C89480-7265-4275-BE70-75058696E165}.Release|Any CPU.Build.0 = Release|Any CPU
		{86C89480-7265-4275-BE70-75058696E165}.Release|ARM.ActiveCfg = Release|Any CPU
		{86C89480-7265-4275-BE70-75058696E165}.Release|ARM.Build.0 = Release|Any CPU
		{86C89480-7265-4275-BE70-75058696E165}.Release|ARM64.ActiveCfg = Release|Any CPU
		{86C89480-7265-4275-BE70-75058696E165}.Release|ARM64.Build.0 = Release|Any CPU
		{86C89480-7265-4275-BE70-75058696E165}.Release|x64.ActiveCfg = Release|Any CPU
		{86C89480-7265-4275-BE70-75058696E165}.Release|x64.Build.0 = Release|Any CPU
		{86C89480-7265-4275-BE70-75058696E165}.Release|x86.ActiveCfg = Release|Any CPU
		{86C89480-7265-4275-BE70-75058696E165}.Release|x86.Build.0 = Release|Any CPU
		{7C05C161-A109-4B48-9346-2A755024D12D}.Debug|Any CPU.ActiveCfg = Debug|Any CPU
		{7C05C161-A109-4B48-9346-2A755024D12D}.Debug|Any CPU.Build.0 = Debug|Any CPU
		{7C05C161-A109-4B48-9346-2A755024D12D}.Debug|ARM.ActiveCfg = Debug|Any CPU
		{7C05C161-A109-4B48-9346-2A755024D12D}.Debug|ARM.Build.0 = Debug|Any CPU
		{7C05C161-A109-4B48-9346-2A755024D12D}.Debug|ARM64.ActiveCfg = Debug|Any CPU
		{7C05C161-A109-4B48-9346-2A755024D12D}.Debug|ARM64.Build.0 = Debug|Any CPU
		{7C05C161-A109-4B48-9346-2A755024D12D}.Debug|x64.ActiveCfg = Debug|Any CPU
		{7C05C161-A109-4B48-9346-2A755024D12D}.Debug|x64.Build.0 = Debug|Any CPU
		{7C05C161-A109-4B48-9346-2A755024D12D}.Debug|x86.ActiveCfg = Debug|Any CPU
		{7C05C161-A109-4B48-9346-2A755024D12D}.Debug|x86.Build.0 = Debug|Any CPU
		{7C05C161-A109-4B48-9346-2A755024D12D}.Release|Any CPU.ActiveCfg = Release|Any CPU
		{7C05C161-A109-4B48-9346-2A755024D12D}.Release|Any CPU.Build.0 = Release|Any CPU
		{7C05C161-A109-4B48-9346-2A755024D12D}.Release|ARM.ActiveCfg = Release|Any CPU
		{7C05C161-A109-4B48-9346-2A755024D12D}.Release|ARM.Build.0 = Release|Any CPU
		{7C05C161-A109-4B48-9346-2A755024D12D}.Release|ARM64.ActiveCfg = Release|Any CPU
		{7C05C161-A109-4B48-9346-2A755024D12D}.Release|ARM64.Build.0 = Release|Any CPU
		{7C05C161-A109-4B48-9346-2A755024D12D}.Release|x64.ActiveCfg = Release|Any CPU
		{7C05C161-A109-4B48-9346-2A755024D12D}.Release|x64.Build.0 = Release|Any CPU
		{7C05C161-A109-4B48-9346-2A755024D12D}.Release|x86.ActiveCfg = Release|Any CPU
		{7C05C161-A109-4B48-9346-2A755024D12D}.Release|x86.Build.0 = Release|Any CPU
	EndGlobalSection
	GlobalSection(SolutionProperties) = preSolution
		HideSolutionNode = FALSE
	EndGlobalSection
	GlobalSection(ExtensibilityGlobals) = postSolution
		SolutionGuid = {EEC185DC-59E7-47F4-B429-110AEEAB6128}
	EndGlobalSection
EndGlobal
